PODS:
  - audioplayers_darwin (0.0.1):
    - Flutter
  - CryptoSwift (1.8.2)
  - DKImagePickerController/Core (4.3.4):
    - DKImagePickerController/ImageDataManager
    - DKImagePickerController/Resource
  - DKImagePickerController/ImageDataManager (4.3.4)
  - DKImagePickerController/PhotoGallery (4.3.4):
    - DKImagePickerController/Core
    - DKPhotoGallery
  - DKImagePickerController/Resource (4.3.4)
  - DKPhotoGallery (0.0.17):
    - DKPhotoGallery/Core (= 0.0.17)
    - DKPhotoGallery/Model (= 0.0.17)
    - DKPhotoGallery/Preview (= 0.0.17)
    - DKPhotoGallery/Resource (= 0.0.17)
    - SDWebImage
    - SwiftyGif
  - DKPhotoGallery/Core (0.0.17):
    - DKPhotoGallery/Model
    - DKPhotoGallery/Preview
    - SDWebImage
    - SwiftyGif
  - DKPhotoGallery/Model (0.0.17):
    - SDWebImage
    - SwiftyGif
  - DKPhotoGallery/Preview (0.0.17):
    - DKPhotoGallery/Model
    - DKPhotoGallery/Resource
    - SDWebImage
    - SwiftyGif
  - DKPhotoGallery/Resource (0.0.17):
    - SDWebImage
    - SwiftyGif
  - file_picker (0.0.1):
    - DKImagePickerController/PhotoGallery
    - Flutter
  - Firebase/CoreOnly (10.20.0):
    - FirebaseCore (= 10.20.0)
  - Firebase/Messaging (10.20.0):
    - Firebase/CoreOnly
    - FirebaseMessaging (~> 10.20.0)
  - firebase_core (2.25.0):
    - Firebase/CoreOnly (= 10.20.0)
    - Flutter
  - firebase_messaging (14.7.11):
    - Firebase/Messaging (= 10.20.0)
    - firebase_core
    - Flutter
  - FirebaseCore (10.20.0):
    - FirebaseCoreInternal (~> 10.0)
    - GoogleUtilities/Environment (~> 7.12)
    - GoogleUtilities/Logger (~> 7.12)
  - FirebaseCoreInternal (10.24.0):
    - "GoogleUtilities/NSData+zlib (~> 7.8)"
  - FirebaseInstallations (10.24.0):
    - FirebaseCore (~> 10.0)
    - GoogleUtilities/Environment (~> 7.8)
    - GoogleUtilities/UserDefaults (~> 7.8)
    - PromisesObjC (~> 2.1)
  - FirebaseMessaging (10.20.0):
    - FirebaseCore (~> 10.0)
    - FirebaseInstallations (~> 10.0)
    - GoogleDataTransport (~> 9.3)
    - GoogleUtilities/AppDelegateSwizzler (~> 7.8)
    - GoogleUtilities/Environment (~> 7.8)
    - GoogleUtilities/Reachability (~> 7.8)
    - GoogleUtilities/UserDefaults (~> 7.8)
    - nanopb (< 2.30910.0, >= 2.30908.0)
  - Flutter (1.0.0)
  - flutter_callkit_incoming_yoer (0.0.1):
    - CryptoSwift
    - Flutter
  - flutter_local_notifications (0.0.1):
    - Flutter
  - flutter_logs (0.0.1):
    - Flutter
    - ZIPFoundation
  - flutter_pdfview (1.0.2):
    - Flutter
  - flutter_sslcommerz (0.0.1):
    - Flutter
  - flutter_vibrate (0.0.1):
    - Flutter
  - fluttertoast (0.0.2):
    - Flutter
    - Toast
  - FMDB (2.7.10):
    - FMDB/standard (= 2.7.10)
  - FMDB/standard (2.7.10)
  - GoogleDataTransport (9.4.1):
    - GoogleUtilities/Environment (~> 7.7)
    - nanopb (< 2.30911.0, >= 2.30908.0)
    - PromisesObjC (< 3.0, >= 1.2)
  - GoogleUtilities/AppDelegateSwizzler (7.13.0):
    - GoogleUtilities/Environment
    - GoogleUtilities/Logger
    - GoogleUtilities/Network
    - GoogleUtilities/Privacy
  - GoogleUtilities/Environment (7.13.0):
    - GoogleUtilities/Privacy
    - PromisesObjC (< 3.0, >= 1.2)
  - GoogleUtilities/Logger (7.13.0):
    - GoogleUtilities/Environment
    - GoogleUtilities/Privacy
  - GoogleUtilities/Network (7.13.0):
    - GoogleUtilities/Logger
    - "GoogleUtilities/NSData+zlib"
    - GoogleUtilities/Privacy
    - GoogleUtilities/Reachability
  - "GoogleUtilities/NSData+zlib (7.13.0)":
    - GoogleUtilities/Privacy
  - GoogleUtilities/Privacy (7.13.0)
  - GoogleUtilities/Reachability (7.13.0):
    - GoogleUtilities/Logger
    - GoogleUtilities/Privacy
  - GoogleUtilities/UserDefaults (7.13.0):
    - GoogleUtilities/Logger
    - GoogleUtilities/Privacy
  - image_picker_ios (0.0.1):
    - Flutter
  - is_lock_screen2 (2.0.1):
    - Flutter
  - nanopb (2.30909.1):
    - nanopb/decode (= 2.30909.1)
    - nanopb/encode (= 2.30909.1)
  - nanopb/decode (2.30909.1)
  - nanopb/encode (2.30909.1)
  - native_device_orientation (0.0.1):
    - Flutter
  - package_info_plus (0.4.5):
    - Flutter
  - path_provider_foundation (0.0.1):
    - Flutter
    - FlutterMacOS
  - permission_handler_apple (9.1.1):
    - Flutter
  - PromisesObjC (2.4.0)
  - restart_app (0.0.1):
    - Flutter
  - SDWebImage (5.19.1):
    - SDWebImage/Core (= 5.19.1)
  - SDWebImage/Core (5.19.1)
  - shared_preferences_foundation (0.0.1):
    - Flutter
    - FlutterMacOS
  - sqflite (0.0.3):
    - Flutter
    - FMDB (>= 2.7.5)
  - SwiftyGif (5.4.5)
  - Toast (4.1.1)
  - url_launcher_ios (0.0.1):
    - Flutter
  - wakelock_plus (0.0.1):
    - Flutter
  - zego_express_engine (3.11.0):
    - Flutter
  - zego_uikit (0.0.1):
    - Flutter
  - zego_uikit_prebuilt_call (0.0.1):
    - Flutter
  - zego_uikit_signaling_plugin (0.0.1):
    - Flutter
  - zego_zim (2.12.1):
    - Flutter
    - ZIM (= 2.12.1)
  - zego_zpns (2.5.0):
    - Flutter
    - ZPNs (= 2.5.0)
  - ZIM (2.12.1)
  - ZIPFoundation (0.9.19)
  - ZPNs (2.5.0)

DEPENDENCIES:
  - audioplayers_darwin (from `.symlinks/plugins/audioplayers_darwin/ios`)
  - file_picker (from `.symlinks/plugins/file_picker/ios`)
  - firebase_core (from `.symlinks/plugins/firebase_core/ios`)
  - firebase_messaging (from `.symlinks/plugins/firebase_messaging/ios`)
  - Flutter (from `Flutter`)
  - flutter_callkit_incoming_yoer (from `.symlinks/plugins/flutter_callkit_incoming_yoer/ios`)
  - flutter_local_notifications (from `.symlinks/plugins/flutter_local_notifications/ios`)
  - flutter_logs (from `.symlinks/plugins/flutter_logs/ios`)
  - flutter_pdfview (from `.symlinks/plugins/flutter_pdfview/ios`)
  - flutter_sslcommerz (from `.symlinks/plugins/flutter_sslcommerz/ios`)
  - flutter_vibrate (from `.symlinks/plugins/flutter_vibrate/ios`)
  - fluttertoast (from `.symlinks/plugins/fluttertoast/ios`)
  - image_picker_ios (from `.symlinks/plugins/image_picker_ios/ios`)
  - is_lock_screen2 (from `.symlinks/plugins/is_lock_screen2/ios`)
  - native_device_orientation (from `.symlinks/plugins/native_device_orientation/ios`)
  - package_info_plus (from `.symlinks/plugins/package_info_plus/ios`)
  - path_provider_foundation (from `.symlinks/plugins/path_provider_foundation/darwin`)
  - permission_handler_apple (from `.symlinks/plugins/permission_handler_apple/ios`)
  - restart_app (from `.symlinks/plugins/restart_app/ios`)
  - shared_preferences_foundation (from `.symlinks/plugins/shared_preferences_foundation/darwin`)
  - sqflite (from `.symlinks/plugins/sqflite/ios`)
  - url_launcher_ios (from `.symlinks/plugins/url_launcher_ios/ios`)
  - wakelock_plus (from `.symlinks/plugins/wakelock_plus/ios`)
  - zego_express_engine (from `.symlinks/plugins/zego_express_engine/ios`)
  - zego_uikit (from `.symlinks/plugins/zego_uikit/ios`)
  - zego_uikit_prebuilt_call (from `.symlinks/plugins/zego_uikit_prebuilt_call/ios`)
  - zego_uikit_signaling_plugin (from `.symlinks/plugins/zego_uikit_signaling_plugin/ios`)
  - zego_zim (from `.symlinks/plugins/zego_zim/ios`)
  - zego_zpns (from `.symlinks/plugins/zego_zpns/ios`)

SPEC REPOS:
  trunk:
    - CryptoSwift
    - DKImagePickerController
    - DKPhotoGallery
    - Firebase
    - FirebaseCore
    - FirebaseCoreInternal
    - FirebaseInstallations
    - FirebaseMessaging
    - FMDB
    - GoogleDataTransport
    - GoogleUtilities
    - nanopb
    - PromisesObjC
    - SDWebImage
    - SwiftyGif
    - Toast
    - ZIM
    - ZIPFoundation
    - ZPNs

EXTERNAL SOURCES:
  audioplayers_darwin:
    :path: ".symlinks/plugins/audioplayers_darwin/ios"
  file_picker:
    :path: ".symlinks/plugins/file_picker/ios"
  firebase_core:
    :path: ".symlinks/plugins/firebase_core/ios"
  firebase_messaging:
    :path: ".symlinks/plugins/firebase_messaging/ios"
  Flutter:
    :path: Flutter
  flutter_callkit_incoming_yoer:
    :path: ".symlinks/plugins/flutter_callkit_incoming_yoer/ios"
  flutter_local_notifications:
    :path: ".symlinks/plugins/flutter_local_notifications/ios"
  flutter_logs:
    :path: ".symlinks/plugins/flutter_logs/ios"
  flutter_pdfview:
    :path: ".symlinks/plugins/flutter_pdfview/ios"
  flutter_sslcommerz:
    :path: ".symlinks/plugins/flutter_sslcommerz/ios"
  flutter_vibrate:
    :path: ".symlinks/plugins/flutter_vibrate/ios"
  fluttertoast:
    :path: ".symlinks/plugins/fluttertoast/ios"
  image_picker_ios:
    :path: ".symlinks/plugins/image_picker_ios/ios"
  is_lock_screen2:
    :path: ".symlinks/plugins/is_lock_screen2/ios"
  native_device_orientation:
    :path: ".symlinks/plugins/native_device_orientation/ios"
  package_info_plus:
    :path: ".symlinks/plugins/package_info_plus/ios"
  path_provider_foundation:
    :path: ".symlinks/plugins/path_provider_foundation/darwin"
  permission_handler_apple:
    :path: ".symlinks/plugins/permission_handler_apple/ios"
  restart_app:
    :path: ".symlinks/plugins/restart_app/ios"
  shared_preferences_foundation:
    :path: ".symlinks/plugins/shared_preferences_foundation/darwin"
  sqflite:
    :path: ".symlinks/plugins/sqflite/ios"
  url_launcher_ios:
    :path: ".symlinks/plugins/url_launcher_ios/ios"
  wakelock_plus:
    :path: ".symlinks/plugins/wakelock_plus/ios"
  zego_express_engine:
    :path: ".symlinks/plugins/zego_express_engine/ios"
  zego_uikit:
    :path: ".symlinks/plugins/zego_uikit/ios"
  zego_uikit_prebuilt_call:
    :path: ".symlinks/plugins/zego_uikit_prebuilt_call/ios"
  zego_uikit_signaling_plugin:
    :path: ".symlinks/plugins/zego_uikit_signaling_plugin/ios"
  zego_zim:
    :path: ".symlinks/plugins/zego_zim/ios"
  zego_zpns:
    :path: ".symlinks/plugins/zego_zpns/ios"

SPEC CHECKSUMS:
  audioplayers_darwin: 877d9a4d06331c5c374595e46e16453ac7eafa40
  CryptoSwift: c63a805d8bb5e5538e88af4e44bb537776af11ea
  DKImagePickerController: b512c28220a2b8ac7419f21c491fc8534b7601ac
  DKPhotoGallery: fdfad5125a9fdda9cc57df834d49df790dbb4179
  file_picker: 15fd9539e4eb735dc54bae8c0534a7a9511a03de
  Firebase: 10c8cb12fb7ad2ae0c09ffc86cd9c1ab392a0031
  firebase_core: 86455a528b3b0961c5f1324fa938bcfcd30cd7ac
  firebase_messaging: 30d33503ee8447af738c4778e7a3a9764096c2a6
  FirebaseCore: 28045c1560a2600d284b9c45a904fe322dc890b6
  FirebaseCoreInternal: bcb5acffd4ea05e12a783ecf835f2210ce3dc6af
  FirebaseInstallations: 8f581fca6478a50705d2bd2abd66d306e0f5736e
  FirebaseMessaging: 06c414a21b122396a26847c523d5c370f8325df5
  Flutter: e0871f40cf51350855a761d2e70bf5af5b9b5de7
  flutter_callkit_incoming_yoer: a5936b9f065762a7b422594028d3a20901c88996
  flutter_local_notifications: 4cde75091f6327eb8517fa068a0a5950212d2086
  flutter_logs: 5d0dca26963e0f30b11a995a764744ef77d5d428
  flutter_pdfview: 25f53dd6097661e6395b17de506e6060585946bd
  flutter_sslcommerz: 326cb374adc1167259dd2c512eb2a25fdbc0fabd
  flutter_vibrate: 9f4c2ab57008965f78969472367c329dd77eb801
  fluttertoast: 31b00dabfa7fb7bacd9e7dbee580d7a2ff4bf265
  FMDB: eae540775bf7d0c87a5af926ae37af69effe5a19
  GoogleDataTransport: 6c09b596d841063d76d4288cc2d2f42cc36e1e2a
  GoogleUtilities: d053d902a8edaa9904e1bd00c37535385b8ed152
  image_picker_ios: 99dfe1854b4fa34d0364e74a78448a0151025425
  is_lock_screen2: 2bc16ada7d49434ba1a2b24f09aa49a87b154e79
  nanopb: d4d75c12cd1316f4a64e3c6963f879ecd4b5e0d5
  native_device_orientation: 3b4cfc9565a7b879cc4fde282b3e27745e852d0d
  package_info_plus: 115f4ad11e0698c8c1c5d8a689390df880f47e85
  path_provider_foundation: 29f094ae23ebbca9d3d0cec13889cd9060c0e943
  permission_handler_apple: e76247795d700c14ea09e3a2d8855d41ee80a2e6
  PromisesObjC: f5707f49cb48b9636751c5b2e7d227e43fba9f47
  restart_app: 806659942bf932f6ce51c5372f91ce5e81c8c14a
  SDWebImage: 40b0b4053e36c660a764958bff99eed16610acbb
  shared_preferences_foundation: 5b919d13b803cadd15ed2dc053125c68730e5126
  sqflite: 31f7eba61e3074736dff8807a9b41581e4f7f15a
  SwiftyGif: 706c60cf65fa2bc5ee0313beece843c8eb8194d4
  Toast: 1f5ea13423a1e6674c4abdac5be53587ae481c4e
  url_launcher_ios: bbd758c6e7f9fd7b5b1d4cde34d2b95fcce5e812
  wakelock_plus: 8b09852c8876491e4b6d179e17dfe2a0b5f60d47
  zego_express_engine: 78ad1c3d95a57eecea971e545a3ca0c22b8f9aa3
  zego_uikit: 596cd6edd0e5162a9a1d1f7fec5a79fa8899fb7b
  zego_uikit_prebuilt_call: 13173d7a3c6dcc1695cbdff15d19463acd1ca39c
  zego_uikit_signaling_plugin: 7fdfcd9f796b591c9cb8770609f4fa85178aa40e
  zego_zim: 18c136e1c0a3680120fd0ed747414891fde73ce6
  zego_zpns: 703c48f93ee481ac849fd83a497f72aaa1902a85
  ZIM: 57ce22334b15f918ec13ce88e9632d3ebe36d5ba
  ZIPFoundation: b8c29ea7ae353b309bc810586181fd073cb3312c
  ZPNs: 3f73f4ee16eef87db96986d85b2c1b4e2286f4ee

PODFILE CHECKSUM: 819463e6a0290f5a72f145ba7cde16e8b6ef0796

COCOAPODS: 1.15.2
